{
    "version": 3,
    "terraform_version": "0.11.1",
    "serial": 32,
    "lineage": "9b905863-ecaf-4780-a2ef-69142d85e73d",
    "modules": [
        {
            "path": [
                "root"
            ],
            "outputs": {},
            "resources": {
                "aws_eip.forNat": {
                    "type": "aws_eip",
                    "depends_on": [],
                    "primary": {
                        "id": "eipalloc-25150918",
                        "attributes": {
                            "association_id": "",
                            "domain": "vpc",
                            "id": "eipalloc-25150918",
                            "instance": "",
                            "network_interface": "",
                            "private_ip": "",
                            "public_ip": "54.213.154.86",
                            "vpc": "true"
                        },
                        "meta": {},
                        "tainted": false
                    },
                    "deposed": [],
                    "provider": "provider.aws"
                },
                "aws_eip.forNat2": {
                    "type": "aws_eip",
                    "depends_on": [],
                    "primary": {
                        "id": "eipalloc-dc1a06e1",
                        "attributes": {
                            "association_id": "",
                            "domain": "vpc",
                            "id": "eipalloc-dc1a06e1",
                            "instance": "",
                            "network_interface": "",
                            "private_ip": "",
                            "public_ip": "34.214.21.140",
                            "vpc": "true"
                        },
                        "meta": {},
                        "tainted": false
                    },
                    "deposed": [],
                    "provider": "provider.aws"
                },
                "aws_instance.database": {
                    "type": "aws_instance",
                    "depends_on": [
                        "aws_security_group.Database",
                        "aws_subnet.PrivateAZA"
                    ],
                    "primary": {
                        "id": "i-04a8676557ebd925e",
                        "attributes": {
                            "ami": "ami-bf4193c7",
                            "associate_public_ip_address": "false",
                            "availability_zone": "us-west-2b",
                            "disable_api_termination": "false",
                            "ebs_block_device.#": "0",
                            "ebs_optimized": "false",
                            "ephemeral_block_device.#": "0",
                            "iam_instance_profile": "",
                            "id": "i-04a8676557ebd925e",
                            "instance_state": "running",
                            "instance_type": "t2.micro",
                            "ipv6_addresses.#": "0",
                            "key_name": "deployer-west2",
                            "monitoring": "false",
                            "network_interface.#": "0",
                            "network_interface_id": "eni-84273aa6",
                            "placement_group": "",
                            "primary_network_interface_id": "eni-84273aa6",
                            "private_dns": "ip-11-0-3-63.us-west-2.compute.internal",
                            "private_ip": "11.0.3.63",
                            "public_dns": "",
                            "public_ip": "",
                            "root_block_device.#": "1",
                            "root_block_device.0.delete_on_termination": "true",
                            "root_block_device.0.iops": "100",
                            "root_block_device.0.volume_size": "8",
                            "root_block_device.0.volume_type": "gp2",
                            "security_groups.#": "0",
                            "source_dest_check": "true",
                            "subnet_id": "subnet-4a896d33",
                            "tags.%": "1",
                            "tags.Name": "database",
                            "tenancy": "default",
                            "user_data": "5983f63fdd0c5b547880f704fbe4b4c869b46aca",
                            "volume_tags.%": "0",
                            "vpc_security_group_ids.#": "1",
                            "vpc_security_group_ids.3209245354": "sg-c354b3bc"
                        },
                        "meta": {
                            "e2bfb730-ecaa-11e6-8f88-34363bc7c4c0": {
                                "create": 600000000000,
                                "delete": 600000000000,
                                "update": 600000000000
                            },
                            "schema_version": "1"
                        },
                        "tainted": false
                    },
                    "deposed": [],
                    "provider": "provider.aws"
                },
                "aws_instance.database2": {
                    "type": "aws_instance",
                    "depends_on": [
                        "aws_security_group.Database2",
                        "aws_subnet.PrivateAZA2"
                    ],
                    "primary": {
                        "id": "i-005c821e1e24d43ae",
                        "attributes": {
                            "ami": "ami-bf4193c7",
                            "associate_public_ip_address": "false",
                            "availability_zone": "us-west-2b",
                            "disable_api_termination": "false",
                            "ebs_block_device.#": "0",
                            "ebs_optimized": "false",
                            "ephemeral_block_device.#": "0",
                            "iam_instance_profile": "",
                            "id": "i-005c821e1e24d43ae",
                            "instance_state": "running",
                            "instance_type": "t2.micro",
                            "ipv6_addresses.#": "0",
                            "key_name": "deployer-west2",
                            "monitoring": "false",
                            "network_interface.#": "0",
                            "network_interface_id": "eni-86203da4",
                            "placement_group": "",
                            "primary_network_interface_id": "eni-86203da4",
                            "private_dns": "ip-12-0-3-118.us-west-2.compute.internal",
                            "private_ip": "12.0.3.118",
                            "public_dns": "",
                            "public_ip": "",
                            "root_block_device.#": "1",
                            "root_block_device.0.delete_on_termination": "true",
                            "root_block_device.0.iops": "100",
                            "root_block_device.0.volume_size": "8",
                            "root_block_device.0.volume_type": "gp2",
                            "security_groups.#": "0",
                            "source_dest_check": "true",
                            "subnet_id": "subnet-6f967216",
                            "tags.%": "1",
                            "tags.Name": "database2",
                            "tenancy": "default",
                            "user_data": "0e9a8b64ddf7ff300e258ce72109ba984fc475bd",
                            "volume_tags.%": "0",
                            "vpc_security_group_ids.#": "1",
                            "vpc_security_group_ids.3490450743": "sg-de52b5a1"
                        },
                        "meta": {
                            "e2bfb730-ecaa-11e6-8f88-34363bc7c4c0": {
                                "create": 600000000000,
                                "delete": 600000000000,
                                "update": 600000000000
                            },
                            "schema_version": "1"
                        },
                        "tainted": false
                    },
                    "deposed": [],
                    "provider": "provider.aws"
                },
                "aws_instance.phpapp": {
                    "type": "aws_instance",
                    "depends_on": [
                        "aws_security_group.FrontEnd",
                        "aws_subnet.PublicAZA"
                    ],
                    "primary": {
                        "id": "i-00af212703edccf4f",
                        "attributes": {
                            "ami": "ami-bf4193c7",
                            "associate_public_ip_address": "true",
                            "availability_zone": "us-west-2a",
                            "disable_api_termination": "false",
                            "ebs_block_device.#": "0",
                            "ebs_optimized": "false",
                            "ephemeral_block_device.#": "0",
                            "iam_instance_profile": "",
                            "id": "i-00af212703edccf4f",
                            "instance_state": "running",
                            "instance_type": "t2.micro",
                            "ipv6_addresses.#": "0",
                            "key_name": "deployer-west2",
                            "monitoring": "false",
                            "network_interface.#": "0",
                            "network_interface_id": "eni-65c2df50",
                            "placement_group": "",
                            "primary_network_interface_id": "eni-65c2df50",
                            "private_dns": "ip-11-0-0-19.us-west-2.compute.internal",
                            "private_ip": "11.0.0.19",
                            "public_dns": "ec2-35-166-220-68.us-west-2.compute.amazonaws.com",
                            "public_ip": "35.166.220.68",
                            "root_block_device.#": "1",
                            "root_block_device.0.delete_on_termination": "true",
                            "root_block_device.0.iops": "100",
                            "root_block_device.0.volume_size": "8",
                            "root_block_device.0.volume_type": "gp2",
                            "security_groups.#": "0",
                            "source_dest_check": "true",
                            "subnet_id": "subnet-f24a4dba",
                            "tags.%": "1",
                            "tags.Name": "phpapp",
                            "tenancy": "default",
                            "user_data": "306005e9be55a4db8c55d3c399d412238542781d",
                            "volume_tags.%": "0",
                            "vpc_security_group_ids.#": "1",
                            "vpc_security_group_ids.2148821849": "sg-fe50b781"
                        },
                        "meta": {
                            "e2bfb730-ecaa-11e6-8f88-34363bc7c4c0": {
                                "create": 600000000000,
                                "delete": 600000000000,
                                "update": 600000000000
                            },
                            "schema_version": "1"
                        },
                        "tainted": false
                    },
                    "deposed": [],
                    "provider": "provider.aws"
                },
                "aws_instance.phpapp2": {
                    "type": "aws_instance",
                    "depends_on": [
                        "aws_security_group.FrontEnd2",
                        "aws_subnet.PublicAZA2"
                    ],
                    "primary": {
                        "id": "i-00e1afa6f579103e2",
                        "attributes": {
                            "ami": "ami-bf4193c7",
                            "associate_public_ip_address": "true",
                            "availability_zone": "us-west-2a",
                            "disable_api_termination": "false",
                            "ebs_block_device.#": "0",
                            "ebs_optimized": "false",
                            "ephemeral_block_device.#": "0",
                            "iam_instance_profile": "",
                            "id": "i-00e1afa6f579103e2",
                            "instance_state": "running",
                            "instance_type": "t2.micro",
                            "ipv6_addresses.#": "0",
                            "key_name": "deployer-west2",
                            "monitoring": "false",
                            "network_interface.#": "0",
                            "network_interface_id": "eni-32ffe207",
                            "placement_group": "",
                            "primary_network_interface_id": "eni-32ffe207",
                            "private_dns": "ip-12-0-0-81.us-west-2.compute.internal",
                            "private_ip": "12.0.0.81",
                            "public_dns": "ec2-54-202-214-185.us-west-2.compute.amazonaws.com",
                            "public_ip": "54.202.214.185",
                            "root_block_device.#": "1",
                            "root_block_device.0.delete_on_termination": "true",
                            "root_block_device.0.iops": "100",
                            "root_block_device.0.volume_size": "8",
                            "root_block_device.0.volume_type": "gp2",
                            "security_groups.#": "0",
                            "source_dest_check": "true",
                            "subnet_id": "subnet-d94b4c91",
                            "tags.%": "1",
                            "tags.Name": "phpapp2",
                            "tenancy": "default",
                            "user_data": "fda97eee2e16a2114ca9f5b2063163c5e4a03a1c",
                            "volume_tags.%": "0",
                            "vpc_security_group_ids.#": "1",
                            "vpc_security_group_ids.3368496498": "sg-4352b53c"
                        },
                        "meta": {
                            "e2bfb730-ecaa-11e6-8f88-34363bc7c4c0": {
                                "create": 600000000000,
                                "delete": 600000000000,
                                "update": 600000000000
                            },
                            "schema_version": "1"
                        },
                        "tainted": false
                    },
                    "deposed": [],
                    "provider": "provider.aws"
                },
                "aws_internet_gateway.gw": {
                    "type": "aws_internet_gateway",
                    "depends_on": [
                        "aws_vpc.vpc1"
                    ],
                    "primary": {
                        "id": "igw-e3f22e85",
                        "attributes": {
                            "id": "igw-e3f22e85",
                            "tags.%": "1",
                            "tags.Name": "internet gw terraform generated",
                            "vpc_id": "vpc-79a30200"
                        },
                        "meta": {},
                        "tainted": false
                    },
                    "deposed": [],
                    "provider": "provider.aws"
                },
                "aws_internet_gateway.gw2": {
                    "type": "aws_internet_gateway",
                    "depends_on": [
                        "aws_vpc.vpc2"
                    ],
                    "primary": {
                        "id": "igw-31ef3357",
                        "attributes": {
                            "id": "igw-31ef3357",
                            "tags.%": "1",
                            "tags.Name": "internet gw terraform generated",
                            "vpc_id": "vpc-bfa302c6"
                        },
                        "meta": {},
                        "tainted": false
                    },
                    "deposed": [],
                    "provider": "provider.aws"
                },
                "aws_nat_gateway.PublicAZA": {
                    "type": "aws_nat_gateway",
                    "depends_on": [
                        "aws_eip.forNat",
                        "aws_internet_gateway.gw",
                        "aws_subnet.PublicAZA"
                    ],
                    "primary": {
                        "id": "nat-06fbfacb91e00d05e",
                        "attributes": {
                            "allocation_id": "eipalloc-25150918",
                            "id": "nat-06fbfacb91e00d05e",
                            "network_interface_id": "eni-34c2df01",
                            "private_ip": "11.0.0.28",
                            "public_ip": "54.213.154.86",
                            "subnet_id": "subnet-f24a4dba",
                            "tags.%": "1",
                            "tags.Name": "vpc1 NAT"
                        },
                        "meta": {},
                        "tainted": false
                    },
                    "deposed": [],
                    "provider": "provider.aws"
                },
                "aws_nat_gateway.PublicAZA2": {
                    "type": "aws_nat_gateway",
                    "depends_on": [
                        "aws_eip.forNat2",
                        "aws_internet_gateway.gw2",
                        "aws_subnet.PublicAZA2"
                    ],
                    "primary": {
                        "id": "nat-06731dfab2dc143b6",
                        "attributes": {
                            "allocation_id": "eipalloc-dc1a06e1",
                            "id": "nat-06731dfab2dc143b6",
                            "network_interface_id": "eni-dfc0ddea",
                            "private_ip": "12.0.0.12",
                            "public_ip": "34.214.21.140",
                            "subnet_id": "subnet-d94b4c91",
                            "tags.%": "1",
                            "tags.Name": "vpc2 NAT"
                        },
                        "meta": {},
                        "tainted": false
                    },
                    "deposed": [],
                    "provider": "provider.aws"
                },
                "aws_route.primary-internet_access1": {
                    "type": "aws_route",
                    "depends_on": [
                        "aws_internet_gateway.gw",
                        "aws_vpc.vpc1"
                    ],
                    "primary": {
                        "id": "r-rtb-d42bd1ac1080289494",
                        "attributes": {
                            "destination_cidr_block": "0.0.0.0/0",
                            "destination_prefix_list_id": "",
                            "egress_only_gateway_id": "",
                            "gateway_id": "igw-e3f22e85",
                            "id": "r-rtb-d42bd1ac1080289494",
                            "instance_id": "",
                            "instance_owner_id": "",
                            "nat_gateway_id": "",
                            "network_interface_id": "",
                            "origin": "CreateRoute",
                            "route_table_id": "rtb-d42bd1ac",
                            "state": "active",
                            "vpc_peering_connection_id": ""
                        },
                        "meta": {},
                        "tainted": false
                    },
                    "deposed": [],
                    "provider": "provider.aws"
                },
                "aws_route.primary-internet_access2": {
                    "type": "aws_route",
                    "depends_on": [
                        "aws_internet_gateway.gw2",
                        "aws_vpc.vpc2"
                    ],
                    "primary": {
                        "id": "r-rtb-8b2ed4f31080289494",
                        "attributes": {
                            "destination_cidr_block": "0.0.0.0/0",
                            "destination_prefix_list_id": "",
                            "egress_only_gateway_id": "",
                            "gateway_id": "igw-31ef3357",
                            "id": "r-rtb-8b2ed4f31080289494",
                            "instance_id": "",
                            "instance_owner_id": "",
                            "nat_gateway_id": "",
                            "network_interface_id": "",
                            "origin": "CreateRoute",
                            "route_table_id": "rtb-8b2ed4f3",
                            "state": "active",
                            "vpc_peering_connection_id": ""
                        },
                        "meta": {},
                        "tainted": false
                    },
                    "deposed": [],
                    "provider": "provider.aws"
                },
                "aws_route53_record.database": {
                    "type": "aws_route53_record",
                    "depends_on": [
                        "aws_instance.database",
                        "aws_route53_zone.main"
                    ],
                    "primary": {
                        "id": "Z3OYBC2SC8N9N5_mydatabase.guba-terraform.test_A",
                        "attributes": {
                            "fqdn": "mydatabase.guba-terraform.test",
                            "health_check_id": "",
                            "id": "Z3OYBC2SC8N9N5_mydatabase.guba-terraform.test_A",
                            "name": "mydatabase.guba-terraform.test",
                            "records.#": "1",
                            "records.2511112979": "11.0.3.63",
                            "set_identifier": "",
                            "ttl": "300",
                            "type": "A",
                            "zone_id": "Z3OYBC2SC8N9N5"
                        },
                        "meta": {
                            "schema_version": "2"
                        },
                        "tainted": false
                    },
                    "deposed": [],
                    "provider": "provider.aws"
                },
                "aws_route53_record.database2": {
                    "type": "aws_route53_record",
                    "depends_on": [
                        "aws_instance.database2",
                        "aws_route53_zone.main"
                    ],
                    "primary": {
                        "id": "Z3OYBC2SC8N9N5_mydatabase.guba2-terraform.test_A",
                        "attributes": {
                            "fqdn": "mydatabase.guba2-terraform.test.guba-terraform.test",
                            "health_check_id": "",
                            "id": "Z3OYBC2SC8N9N5_mydatabase.guba2-terraform.test_A",
                            "name": "mydatabase.guba2-terraform.test",
                            "records.#": "1",
                            "records.1893724804": "12.0.3.118",
                            "set_identifier": "",
                            "ttl": "300",
                            "type": "A",
                            "zone_id": "Z3OYBC2SC8N9N5"
                        },
                        "meta": {
                            "schema_version": "2"
                        },
                        "tainted": false
                    },
                    "deposed": [],
                    "provider": "provider.aws"
                },
                "aws_route53_zone.main": {
                    "type": "aws_route53_zone",
                    "depends_on": [
                        "aws_vpc.vpc1"
                    ],
                    "primary": {
                        "id": "Z3OYBC2SC8N9N5",
                        "attributes": {
                            "comment": "Managed by terraform",
                            "force_destroy": "false",
                            "id": "Z3OYBC2SC8N9N5",
                            "name": "guba-terraform.test",
                            "name_servers.#": "4",
                            "name_servers.0": "ns-0.awsdns-00.com.",
                            "name_servers.1": "ns-1024.awsdns-00.org.",
                            "name_servers.2": "ns-1536.awsdns-00.co.uk.",
                            "name_servers.3": "ns-512.awsdns-00.net.",
                            "tags.%": "0",
                            "vpc_id": "vpc-79a30200",
                            "vpc_region": "us-west-2",
                            "zone_id": "Z3OYBC2SC8N9N5"
                        },
                        "meta": {},
                        "tainted": false
                    },
                    "deposed": [],
                    "provider": "provider.aws"
                },
                "aws_route53_zone.main2": {
                    "type": "aws_route53_zone",
                    "depends_on": [
                        "aws_vpc.vpc2"
                    ],
                    "primary": {
                        "id": "Z1LW0SN1WIKIJP",
                        "attributes": {
                            "comment": "Managed by terraform",
                            "force_destroy": "false",
                            "id": "Z1LW0SN1WIKIJP",
                            "name": "guba2-terraform.test",
                            "name_servers.#": "4",
                            "name_servers.0": "ns-0.awsdns-00.com.",
                            "name_servers.1": "ns-1024.awsdns-00.org.",
                            "name_servers.2": "ns-1536.awsdns-00.co.uk.",
                            "name_servers.3": "ns-512.awsdns-00.net.",
                            "tags.%": "0",
                            "vpc_id": "vpc-bfa302c6",
                            "vpc_region": "us-west-2",
                            "zone_id": "Z1LW0SN1WIKIJP"
                        },
                        "meta": {},
                        "tainted": false
                    },
                    "deposed": [],
                    "provider": "provider.aws"
                },
                "aws_route_table.private1": {
                    "type": "aws_route_table",
                    "depends_on": [
                        "aws_nat_gateway.PublicAZA",
                        "aws_vpc.vpc1",
                        "aws_vpc.vpc2",
                        "aws_vpc_peering_connection.test"
                    ],
                    "primary": {
                        "id": "rtb-d52ed4ad",
                        "attributes": {
                            "id": "rtb-d52ed4ad",
                            "propagating_vgws.#": "0",
                            "route.#": "2",
                            "route.1954579394.cidr_block": "12.0.0.0/16",
                            "route.1954579394.egress_only_gateway_id": "",
                            "route.1954579394.gateway_id": "",
                            "route.1954579394.instance_id": "",
                            "route.1954579394.ipv6_cidr_block": "",
                            "route.1954579394.nat_gateway_id": "",
                            "route.1954579394.network_interface_id": "",
                            "route.1954579394.vpc_peering_connection_id": "pcx-d69ab4bf",
                            "route.2264242458.cidr_block": "0.0.0.0/0",
                            "route.2264242458.egress_only_gateway_id": "",
                            "route.2264242458.gateway_id": "",
                            "route.2264242458.instance_id": "",
                            "route.2264242458.ipv6_cidr_block": "",
                            "route.2264242458.nat_gateway_id": "nat-06fbfacb91e00d05e",
                            "route.2264242458.network_interface_id": "",
                            "route.2264242458.vpc_peering_connection_id": "",
                            "tags.%": "1",
                            "tags.Name": "Private",
                            "vpc_id": "vpc-79a30200"
                        },
                        "meta": {},
                        "tainted": false
                    },
                    "deposed": [],
                    "provider": "provider.aws"
                },
                "aws_route_table.private2": {
                    "type": "aws_route_table",
                    "depends_on": [
                        "aws_nat_gateway.PublicAZA2",
                        "aws_vpc.vpc1",
                        "aws_vpc.vpc2",
                        "aws_vpc_peering_connection.test"
                    ],
                    "primary": {
                        "id": "rtb-3a2dd742",
                        "attributes": {
                            "id": "rtb-3a2dd742",
                            "propagating_vgws.#": "0",
                            "route.#": "2",
                            "route.1157635822.cidr_block": "0.0.0.0/0",
                            "route.1157635822.egress_only_gateway_id": "",
                            "route.1157635822.gateway_id": "",
                            "route.1157635822.instance_id": "",
                            "route.1157635822.ipv6_cidr_block": "",
                            "route.1157635822.nat_gateway_id": "nat-06731dfab2dc143b6",
                            "route.1157635822.network_interface_id": "",
                            "route.1157635822.vpc_peering_connection_id": "",
                            "route.3515410606.cidr_block": "11.0.0.0/16",
                            "route.3515410606.egress_only_gateway_id": "",
                            "route.3515410606.gateway_id": "",
                            "route.3515410606.instance_id": "",
                            "route.3515410606.ipv6_cidr_block": "",
                            "route.3515410606.nat_gateway_id": "",
                            "route.3515410606.network_interface_id": "",
                            "route.3515410606.vpc_peering_connection_id": "pcx-d69ab4bf",
                            "tags.%": "1",
                            "tags.Name": "Private",
                            "vpc_id": "vpc-bfa302c6"
                        },
                        "meta": {},
                        "tainted": false
                    },
                    "deposed": [],
                    "provider": "provider.aws"
                },
                "aws_route_table.public1": {
                    "type": "aws_route_table",
                    "depends_on": [
                        "aws_internet_gateway.gw",
                        "aws_vpc.vpc1",
                        "aws_vpc.vpc2",
                        "aws_vpc_peering_connection.test"
                    ],
                    "primary": {
                        "id": "rtb-3c2ed444",
                        "attributes": {
                            "id": "rtb-3c2ed444",
                            "propagating_vgws.#": "0",
                            "route.#": "2",
                            "route.1228155785.cidr_block": "0.0.0.0/0",
                            "route.1228155785.egress_only_gateway_id": "",
                            "route.1228155785.gateway_id": "igw-e3f22e85",
                            "route.1228155785.instance_id": "",
                            "route.1228155785.ipv6_cidr_block": "",
                            "route.1228155785.nat_gateway_id": "",
                            "route.1228155785.network_interface_id": "",
                            "route.1228155785.vpc_peering_connection_id": "",
                            "route.1954579394.cidr_block": "12.0.0.0/16",
                            "route.1954579394.egress_only_gateway_id": "",
                            "route.1954579394.gateway_id": "",
                            "route.1954579394.instance_id": "",
                            "route.1954579394.ipv6_cidr_block": "",
                            "route.1954579394.nat_gateway_id": "",
                            "route.1954579394.network_interface_id": "",
                            "route.1954579394.vpc_peering_connection_id": "pcx-d69ab4bf",
                            "tags.%": "1",
                            "tags.Name": "Public",
                            "vpc_id": "vpc-79a30200"
                        },
                        "meta": {},
                        "tainted": false
                    },
                    "deposed": [],
                    "provider": "provider.aws"
                },
                "aws_route_table.public2": {
                    "type": "aws_route_table",
                    "depends_on": [
                        "aws_internet_gateway.gw2",
                        "aws_vpc.vpc1",
                        "aws_vpc.vpc2",
                        "aws_vpc_peering_connection.test"
                    ],
                    "primary": {
                        "id": "rtb-3b2ed443",
                        "attributes": {
                            "id": "rtb-3b2ed443",
                            "propagating_vgws.#": "0",
                            "route.#": "2",
                            "route.2873636229.cidr_block": "0.0.0.0/0",
                            "route.2873636229.egress_only_gateway_id": "",
                            "route.2873636229.gateway_id": "igw-31ef3357",
                            "route.2873636229.instance_id": "",
                            "route.2873636229.ipv6_cidr_block": "",
                            "route.2873636229.nat_gateway_id": "",
                            "route.2873636229.network_interface_id": "",
                            "route.2873636229.vpc_peering_connection_id": "",
                            "route.3515410606.cidr_block": "11.0.0.0/16",
                            "route.3515410606.egress_only_gateway_id": "",
                            "route.3515410606.gateway_id": "",
                            "route.3515410606.instance_id": "",
                            "route.3515410606.ipv6_cidr_block": "",
                            "route.3515410606.nat_gateway_id": "",
                            "route.3515410606.network_interface_id": "",
                            "route.3515410606.vpc_peering_connection_id": "pcx-d69ab4bf",
                            "tags.%": "1",
                            "tags.Name": "Public",
                            "vpc_id": "vpc-bfa302c6"
                        },
                        "meta": {},
                        "tainted": false
                    },
                    "deposed": [],
                    "provider": "provider.aws"
                },
                "aws_route_table_association.PrivateAZA": {
                    "type": "aws_route_table_association",
                    "depends_on": [
                        "aws_route_table.private1",
                        "aws_subnet.PrivateAZA"
                    ],
                    "primary": {
                        "id": "rtbassoc-9ef0aee5",
                        "attributes": {
                            "id": "rtbassoc-9ef0aee5",
                            "route_table_id": "rtb-d52ed4ad",
                            "subnet_id": "subnet-4a896d33"
                        },
                        "meta": {},
                        "tainted": false
                    },
                    "deposed": [],
                    "provider": "provider.aws"
                },
                "aws_route_table_association.PrivateAZA2": {
                    "type": "aws_route_table_association",
                    "depends_on": [
                        "aws_route_table.private2",
                        "aws_subnet.PrivateAZA2"
                    ],
                    "primary": {
                        "id": "rtbassoc-03eeb078",
                        "attributes": {
                            "id": "rtbassoc-03eeb078",
                            "route_table_id": "rtb-3a2dd742",
                            "subnet_id": "subnet-6f967216"
                        },
                        "meta": {},
                        "tainted": false
                    },
                    "deposed": [],
                    "provider": "provider.aws"
                },
                "aws_route_table_association.PublicAZA": {
                    "type": "aws_route_table_association",
                    "depends_on": [
                        "aws_route_table.public1",
                        "aws_subnet.PublicAZA"
                    ],
                    "primary": {
                        "id": "rtbassoc-e0ecb29b",
                        "attributes": {
                            "id": "rtbassoc-e0ecb29b",
                            "route_table_id": "rtb-3c2ed444",
                            "subnet_id": "subnet-f24a4dba"
                        },
                        "meta": {},
                        "tainted": false
                    },
                    "deposed": [],
                    "provider": "provider.aws"
                },
                "aws_route_table_association.PublicAZA2": {
                    "type": "aws_route_table_association",
                    "depends_on": [
                        "aws_route_table.public2",
                        "aws_subnet.PublicAZA2"
                    ],
                    "primary": {
                        "id": "rtbassoc-42f1af39",
                        "attributes": {
                            "id": "rtbassoc-42f1af39",
                            "route_table_id": "rtb-3b2ed443",
                            "subnet_id": "subnet-d94b4c91"
                        },
                        "meta": {},
                        "tainted": false
                    },
                    "deposed": [],
                    "provider": "provider.aws"
                },
                "aws_security_group.Database": {
                    "type": "aws_security_group",
                    "depends_on": [
                        "aws_vpc.vpc1"
                    ],
                    "primary": {
                        "id": "sg-c354b3bc",
                        "attributes": {
                            "description": "ONLY tcp CONNECTION INBOUND",
                            "egress.#": "1",
                            "egress.482069346.cidr_blocks.#": "1",
                            "egress.482069346.cidr_blocks.0": "0.0.0.0/0",
                            "egress.482069346.description": "",
                            "egress.482069346.from_port": "0",
                            "egress.482069346.ipv6_cidr_blocks.#": "0",
                            "egress.482069346.prefix_list_ids.#": "0",
                            "egress.482069346.protocol": "-1",
                            "egress.482069346.security_groups.#": "0",
                            "egress.482069346.self": "false",
                            "egress.482069346.to_port": "0",
                            "id": "sg-c354b3bc",
                            "ingress.#": "3",
                            "ingress.1163740523.cidr_blocks.#": "1",
                            "ingress.1163740523.cidr_blocks.0": "0.0.0.0/0",
                            "ingress.1163740523.description": "",
                            "ingress.1163740523.from_port": "3306",
                            "ingress.1163740523.ipv6_cidr_blocks.#": "0",
                            "ingress.1163740523.protocol": "TCP",
                            "ingress.1163740523.security_groups.#": "0",
                            "ingress.1163740523.self": "false",
                            "ingress.1163740523.to_port": "3306",
                            "ingress.2541437006.cidr_blocks.#": "1",
                            "ingress.2541437006.cidr_blocks.0": "0.0.0.0/0",
                            "ingress.2541437006.description": "",
                            "ingress.2541437006.from_port": "22",
                            "ingress.2541437006.ipv6_cidr_blocks.#": "0",
                            "ingress.2541437006.protocol": "TCP",
                            "ingress.2541437006.security_groups.#": "0",
                            "ingress.2541437006.self": "false",
                            "ingress.2541437006.to_port": "22",
                            "ingress.3068409405.cidr_blocks.#": "1",
                            "ingress.3068409405.cidr_blocks.0": "0.0.0.0/0",
                            "ingress.3068409405.description": "",
                            "ingress.3068409405.from_port": "8",
                            "ingress.3068409405.ipv6_cidr_blocks.#": "0",
                            "ingress.3068409405.protocol": "icmp",
                            "ingress.3068409405.security_groups.#": "0",
                            "ingress.3068409405.self": "false",
                            "ingress.3068409405.to_port": "0",
                            "name": "Database",
                            "owner_id": "511314545235",
                            "revoke_rules_on_delete": "false",
                            "tags.%": "1",
                            "tags.Name": "Database",
                            "vpc_id": "vpc-79a30200"
                        },
                        "meta": {
                            "schema_version": "1"
                        },
                        "tainted": false
                    },
                    "deposed": [],
                    "provider": "provider.aws"
                },
                "aws_security_group.Database2": {
                    "type": "aws_security_group",
                    "depends_on": [
                        "aws_vpc.vpc2"
                    ],
                    "primary": {
                        "id": "sg-de52b5a1",
                        "attributes": {
                            "description": "ONLY tcp CONNECTION INBOUND",
                            "egress.#": "1",
                            "egress.482069346.cidr_blocks.#": "1",
                            "egress.482069346.cidr_blocks.0": "0.0.0.0/0",
                            "egress.482069346.description": "",
                            "egress.482069346.from_port": "0",
                            "egress.482069346.ipv6_cidr_blocks.#": "0",
                            "egress.482069346.prefix_list_ids.#": "0",
                            "egress.482069346.protocol": "-1",
                            "egress.482069346.security_groups.#": "0",
                            "egress.482069346.self": "false",
                            "egress.482069346.to_port": "0",
                            "id": "sg-de52b5a1",
                            "ingress.#": "3",
                            "ingress.1163740523.cidr_blocks.#": "1",
                            "ingress.1163740523.cidr_blocks.0": "0.0.0.0/0",
                            "ingress.1163740523.description": "",
                            "ingress.1163740523.from_port": "3306",
                            "ingress.1163740523.ipv6_cidr_blocks.#": "0",
                            "ingress.1163740523.protocol": "TCP",
                            "ingress.1163740523.security_groups.#": "0",
                            "ingress.1163740523.self": "false",
                            "ingress.1163740523.to_port": "3306",
                            "ingress.2541437006.cidr_blocks.#": "1",
                            "ingress.2541437006.cidr_blocks.0": "0.0.0.0/0",
                            "ingress.2541437006.description": "",
                            "ingress.2541437006.from_port": "22",
                            "ingress.2541437006.ipv6_cidr_blocks.#": "0",
                            "ingress.2541437006.protocol": "TCP",
                            "ingress.2541437006.security_groups.#": "0",
                            "ingress.2541437006.self": "false",
                            "ingress.2541437006.to_port": "22",
                            "ingress.3068409405.cidr_blocks.#": "1",
                            "ingress.3068409405.cidr_blocks.0": "0.0.0.0/0",
                            "ingress.3068409405.description": "",
                            "ingress.3068409405.from_port": "8",
                            "ingress.3068409405.ipv6_cidr_blocks.#": "0",
                            "ingress.3068409405.protocol": "icmp",
                            "ingress.3068409405.security_groups.#": "0",
                            "ingress.3068409405.self": "false",
                            "ingress.3068409405.to_port": "0",
                            "name": "Database2",
                            "owner_id": "511314545235",
                            "revoke_rules_on_delete": "false",
                            "tags.%": "1",
                            "tags.Name": "Database2",
                            "vpc_id": "vpc-bfa302c6"
                        },
                        "meta": {
                            "schema_version": "1"
                        },
                        "tainted": false
                    },
                    "deposed": [],
                    "provider": "provider.aws"
                },
                "aws_security_group.FrontEnd": {
                    "type": "aws_security_group",
                    "depends_on": [
                        "aws_vpc.vpc1"
                    ],
                    "primary": {
                        "id": "sg-fe50b781",
                        "attributes": {
                            "description": "ONLY HTTP CONNECTION INBOUND",
                            "egress.#": "1",
                            "egress.482069346.cidr_blocks.#": "1",
                            "egress.482069346.cidr_blocks.0": "0.0.0.0/0",
                            "egress.482069346.description": "",
                            "egress.482069346.from_port": "0",
                            "egress.482069346.ipv6_cidr_blocks.#": "0",
                            "egress.482069346.prefix_list_ids.#": "0",
                            "egress.482069346.protocol": "-1",
                            "egress.482069346.security_groups.#": "0",
                            "egress.482069346.self": "false",
                            "egress.482069346.to_port": "0",
                            "id": "sg-fe50b781",
                            "ingress.#": "3",
                            "ingress.2214680975.cidr_blocks.#": "1",
                            "ingress.2214680975.cidr_blocks.0": "0.0.0.0/0",
                            "ingress.2214680975.description": "",
                            "ingress.2214680975.from_port": "80",
                            "ingress.2214680975.ipv6_cidr_blocks.#": "0",
                            "ingress.2214680975.protocol": "TCP",
                            "ingress.2214680975.security_groups.#": "0",
                            "ingress.2214680975.self": "false",
                            "ingress.2214680975.to_port": "80",
                            "ingress.2541437006.cidr_blocks.#": "1",
                            "ingress.2541437006.cidr_blocks.0": "0.0.0.0/0",
                            "ingress.2541437006.description": "",
                            "ingress.2541437006.from_port": "22",
                            "ingress.2541437006.ipv6_cidr_blocks.#": "0",
                            "ingress.2541437006.protocol": "TCP",
                            "ingress.2541437006.security_groups.#": "0",
                            "ingress.2541437006.self": "false",
                            "ingress.2541437006.to_port": "22",
                            "ingress.3068409405.cidr_blocks.#": "1",
                            "ingress.3068409405.cidr_blocks.0": "0.0.0.0/0",
                            "ingress.3068409405.description": "",
                            "ingress.3068409405.from_port": "8",
                            "ingress.3068409405.ipv6_cidr_blocks.#": "0",
                            "ingress.3068409405.protocol": "icmp",
                            "ingress.3068409405.security_groups.#": "0",
                            "ingress.3068409405.self": "false",
                            "ingress.3068409405.to_port": "0",
                            "name": "FrontEnd",
                            "owner_id": "511314545235",
                            "revoke_rules_on_delete": "false",
                            "tags.%": "1",
                            "tags.Name": "FrontEnd",
                            "vpc_id": "vpc-79a30200"
                        },
                        "meta": {
                            "schema_version": "1"
                        },
                        "tainted": false
                    },
                    "deposed": [],
                    "provider": "provider.aws"
                },
                "aws_security_group.FrontEnd2": {
                    "type": "aws_security_group",
                    "depends_on": [
                        "aws_vpc.vpc2"
                    ],
                    "primary": {
                        "id": "sg-4352b53c",
                        "attributes": {
                            "description": "ONLY HTTP CONNECTION INBOUND",
                            "egress.#": "1",
                            "egress.482069346.cidr_blocks.#": "1",
                            "egress.482069346.cidr_blocks.0": "0.0.0.0/0",
                            "egress.482069346.description": "",
                            "egress.482069346.from_port": "0",
                            "egress.482069346.ipv6_cidr_blocks.#": "0",
                            "egress.482069346.prefix_list_ids.#": "0",
                            "egress.482069346.protocol": "-1",
                            "egress.482069346.security_groups.#": "0",
                            "egress.482069346.self": "false",
                            "egress.482069346.to_port": "0",
                            "id": "sg-4352b53c",
                            "ingress.#": "3",
                            "ingress.2214680975.cidr_blocks.#": "1",
                            "ingress.2214680975.cidr_blocks.0": "0.0.0.0/0",
                            "ingress.2214680975.description": "",
                            "ingress.2214680975.from_port": "80",
                            "ingress.2214680975.ipv6_cidr_blocks.#": "0",
                            "ingress.2214680975.protocol": "TCP",
                            "ingress.2214680975.security_groups.#": "0",
                            "ingress.2214680975.self": "false",
                            "ingress.2214680975.to_port": "80",
                            "ingress.2541437006.cidr_blocks.#": "1",
                            "ingress.2541437006.cidr_blocks.0": "0.0.0.0/0",
                            "ingress.2541437006.description": "",
                            "ingress.2541437006.from_port": "22",
                            "ingress.2541437006.ipv6_cidr_blocks.#": "0",
                            "ingress.2541437006.protocol": "TCP",
                            "ingress.2541437006.security_groups.#": "0",
                            "ingress.2541437006.self": "false",
                            "ingress.2541437006.to_port": "22",
                            "ingress.3068409405.cidr_blocks.#": "1",
                            "ingress.3068409405.cidr_blocks.0": "0.0.0.0/0",
                            "ingress.3068409405.description": "",
                            "ingress.3068409405.from_port": "8",
                            "ingress.3068409405.ipv6_cidr_blocks.#": "0",
                            "ingress.3068409405.protocol": "icmp",
                            "ingress.3068409405.security_groups.#": "0",
                            "ingress.3068409405.self": "false",
                            "ingress.3068409405.to_port": "0",
                            "name": "FrontEnd2",
                            "owner_id": "511314545235",
                            "revoke_rules_on_delete": "false",
                            "tags.%": "1",
                            "tags.Name": "FrontEnd2",
                            "vpc_id": "vpc-bfa302c6"
                        },
                        "meta": {
                            "schema_version": "1"
                        },
                        "tainted": false
                    },
                    "deposed": [],
                    "provider": "provider.aws"
                },
                "aws_subnet.PrivateAZA": {
                    "type": "aws_subnet",
                    "depends_on": [
                        "aws_vpc.vpc1",
                        "data.aws_availability_zones.available"
                    ],
                    "primary": {
                        "id": "subnet-4a896d33",
                        "attributes": {
                            "assign_ipv6_address_on_creation": "false",
                            "availability_zone": "us-west-2b",
                            "cidr_block": "11.0.3.0/24",
                            "id": "subnet-4a896d33",
                            "map_public_ip_on_launch": "false",
                            "tags.%": "1",
                            "tags.Name": "PublicAZB",
                            "vpc_id": "vpc-79a30200"
                        },
                        "meta": {
                            "schema_version": "1"
                        },
                        "tainted": false
                    },
                    "deposed": [],
                    "provider": "provider.aws"
                },
                "aws_subnet.PrivateAZA2": {
                    "type": "aws_subnet",
                    "depends_on": [
                        "aws_vpc.vpc2",
                        "data.aws_availability_zones.available"
                    ],
                    "primary": {
                        "id": "subnet-6f967216",
                        "attributes": {
                            "assign_ipv6_address_on_creation": "false",
                            "availability_zone": "us-west-2b",
                            "cidr_block": "12.0.3.0/24",
                            "id": "subnet-6f967216",
                            "map_public_ip_on_launch": "false",
                            "tags.%": "1",
                            "tags.Name": "PublicAZB2",
                            "vpc_id": "vpc-bfa302c6"
                        },
                        "meta": {
                            "schema_version": "1"
                        },
                        "tainted": false
                    },
                    "deposed": [],
                    "provider": "provider.aws"
                },
                "aws_subnet.PublicAZA": {
                    "type": "aws_subnet",
                    "depends_on": [
                        "aws_vpc.vpc1",
                        "data.aws_availability_zones.available"
                    ],
                    "primary": {
                        "id": "subnet-f24a4dba",
                        "attributes": {
                            "assign_ipv6_address_on_creation": "false",
                            "availability_zone": "us-west-2a",
                            "cidr_block": "11.0.0.0/24",
                            "id": "subnet-f24a4dba",
                            "map_public_ip_on_launch": "false",
                            "tags.%": "1",
                            "tags.Name": "PublicAZA",
                            "vpc_id": "vpc-79a30200"
                        },
                        "meta": {
                            "schema_version": "1"
                        },
                        "tainted": false
                    },
                    "deposed": [],
                    "provider": "provider.aws"
                },
                "aws_subnet.PublicAZA2": {
                    "type": "aws_subnet",
                    "depends_on": [
                        "aws_vpc.vpc2",
                        "data.aws_availability_zones.available"
                    ],
                    "primary": {
                        "id": "subnet-d94b4c91",
                        "attributes": {
                            "assign_ipv6_address_on_creation": "false",
                            "availability_zone": "us-west-2a",
                            "cidr_block": "12.0.0.0/24",
                            "id": "subnet-d94b4c91",
                            "map_public_ip_on_launch": "false",
                            "tags.%": "1",
                            "tags.Name": "PublicAZA2",
                            "vpc_id": "vpc-bfa302c6"
                        },
                        "meta": {
                            "schema_version": "1"
                        },
                        "tainted": false
                    },
                    "deposed": [],
                    "provider": "provider.aws"
                },
                "aws_vpc.vpc1": {
                    "type": "aws_vpc",
                    "depends_on": [],
                    "primary": {
                        "id": "vpc-79a30200",
                        "attributes": {
                            "assign_generated_ipv6_cidr_block": "false",
                            "cidr_block": "11.0.0.0/16",
                            "default_network_acl_id": "acl-7ef8a607",
                            "default_route_table_id": "rtb-d42bd1ac",
                            "default_security_group_id": "sg-d85fb8a7",
                            "dhcp_options_id": "dopt-aa4a9fcc",
                            "enable_classiclink": "false",
                            "enable_classiclink_dns_support": "false",
                            "enable_dns_hostnames": "true",
                            "enable_dns_support": "true",
                            "id": "vpc-79a30200",
                            "instance_tenancy": "default",
                            "main_route_table_id": "rtb-d42bd1ac",
                            "tags.%": "1",
                            "tags.Name": "VPC 1"
                        },
                        "meta": {
                            "schema_version": "1"
                        },
                        "tainted": false
                    },
                    "deposed": [],
                    "provider": "provider.aws"
                },
                "aws_vpc.vpc2": {
                    "type": "aws_vpc",
                    "depends_on": [],
                    "primary": {
                        "id": "vpc-bfa302c6",
                        "attributes": {
                            "assign_generated_ipv6_cidr_block": "false",
                            "cidr_block": "12.0.0.0/16",
                            "default_network_acl_id": "acl-d1f6a8a8",
                            "default_route_table_id": "rtb-8b2ed4f3",
                            "default_security_group_id": "sg-335fb84c",
                            "dhcp_options_id": "dopt-aa4a9fcc",
                            "enable_classiclink": "false",
                            "enable_classiclink_dns_support": "false",
                            "enable_dns_hostnames": "true",
                            "enable_dns_support": "true",
                            "id": "vpc-bfa302c6",
                            "instance_tenancy": "default",
                            "main_route_table_id": "rtb-8b2ed4f3",
                            "tags.%": "1",
                            "tags.Name": "VPC 2"
                        },
                        "meta": {
                            "schema_version": "1"
                        },
                        "tainted": false
                    },
                    "deposed": [],
                    "provider": "provider.aws"
                },
                "aws_vpc_dhcp_options.mydhcp": {
                    "type": "aws_vpc_dhcp_options",
                    "depends_on": [],
                    "primary": {
                        "id": "dopt-c07388b9",
                        "attributes": {
                            "domain_name": "guba-terraform.test",
                            "domain_name_servers.#": "1",
                            "domain_name_servers.0": "AmazonProvidedDNS",
                            "id": "dopt-c07388b9",
                            "tags.%": "1",
                            "tags.Name": "My internal name"
                        },
                        "meta": {},
                        "tainted": false
                    },
                    "deposed": [],
                    "provider": "provider.aws"
                },
                "aws_vpc_dhcp_options.mydhcp2": {
                    "type": "aws_vpc_dhcp_options",
                    "depends_on": [],
                    "primary": {
                        "id": "dopt-f37c878a",
                        "attributes": {
                            "domain_name": "guba2-terraform.test",
                            "domain_name_servers.#": "1",
                            "domain_name_servers.0": "AmazonProvidedDNS",
                            "id": "dopt-f37c878a",
                            "tags.%": "1",
                            "tags.Name": "My internal name"
                        },
                        "meta": {},
                        "tainted": false
                    },
                    "deposed": [],
                    "provider": "provider.aws"
                },
                "aws_vpc_dhcp_options_association.dns_resolver": {
                    "type": "aws_vpc_dhcp_options_association",
                    "depends_on": [
                        "aws_vpc.vpc1",
                        "aws_vpc_dhcp_options.mydhcp"
                    ],
                    "primary": {
                        "id": "dopt-c07388b9-vpc-79a30200",
                        "attributes": {
                            "dhcp_options_id": "dopt-c07388b9",
                            "id": "dopt-c07388b9-vpc-79a30200",
                            "vpc_id": "vpc-79a30200"
                        },
                        "meta": {},
                        "tainted": false
                    },
                    "deposed": [],
                    "provider": "provider.aws"
                },
                "aws_vpc_dhcp_options_association.dns_resolver2": {
                    "type": "aws_vpc_dhcp_options_association",
                    "depends_on": [
                        "aws_vpc.vpc2",
                        "aws_vpc_dhcp_options.mydhcp2"
                    ],
                    "primary": {
                        "id": "dopt-f37c878a-vpc-bfa302c6",
                        "attributes": {
                            "dhcp_options_id": "dopt-f37c878a",
                            "id": "dopt-f37c878a-vpc-bfa302c6",
                            "vpc_id": "vpc-bfa302c6"
                        },
                        "meta": {},
                        "tainted": false
                    },
                    "deposed": [],
                    "provider": "provider.aws"
                },
                "aws_vpc_peering_connection.test": {
                    "type": "aws_vpc_peering_connection",
                    "depends_on": [
                        "aws_vpc.vpc1",
                        "aws_vpc.vpc2"
                    ],
                    "primary": {
                        "id": "pcx-d69ab4bf",
                        "attributes": {
                            "accept_status": "active",
                            "accepter.#": "1",
                            "accepter.3244290774.allow_classic_link_to_remote_vpc": "false",
                            "accepter.3244290774.allow_remote_vpc_dns_resolution": "false",
                            "accepter.3244290774.allow_vpc_to_remote_classic_link": "false",
                            "auto_accept": "true",
                            "id": "pcx-d69ab4bf",
                            "peer_owner_id": "511314545235",
                            "peer_vpc_id": "vpc-bfa302c6",
                            "requester.#": "1",
                            "requester.3244290774.allow_classic_link_to_remote_vpc": "false",
                            "requester.3244290774.allow_remote_vpc_dns_resolution": "false",
                            "requester.3244290774.allow_vpc_to_remote_classic_link": "false",
                            "tags.%": "0",
                            "vpc_id": "vpc-79a30200"
                        },
                        "meta": {},
                        "tainted": false
                    },
                    "deposed": [],
                    "provider": "provider.aws"
                },
                "data.aws_availability_zones.available": {
                    "type": "aws_availability_zones",
                    "depends_on": [],
                    "primary": {
                        "id": "2018-01-23 13:50:05.812059216 +0000 UTC",
                        "attributes": {
                            "id": "2018-01-23 13:50:05.812059216 +0000 UTC",
                            "names.#": "3",
                            "names.0": "us-west-2a",
                            "names.1": "us-west-2b",
                            "names.2": "us-west-2c"
                        },
                        "meta": {},
                        "tainted": false
                    },
                    "deposed": [],
                    "provider": "provider.aws"
                },
                "data.aws_availability_zones.available2": {
                    "type": "aws_availability_zones",
                    "depends_on": [],
                    "primary": {
                        "id": "2018-01-23 13:50:05.812008337 +0000 UTC",
                        "attributes": {
                            "id": "2018-01-23 13:50:05.812008337 +0000 UTC",
                            "names.#": "3",
                            "names.0": "us-west-2a",
                            "names.1": "us-west-2b",
                            "names.2": "us-west-2c"
                        },
                        "meta": {},
                        "tainted": false
                    },
                    "deposed": [],
                    "provider": "provider.aws"
                }
            },
            "depends_on": []
        }
    ]
}
