{
    "version": 3,
    "terraform_version": "0.11.1",
    "serial": 25,
    "lineage": "972249dc-20eb-4acb-936c-cc9bb3dfb2ec",
    "modules": [
        {
            "path": [
                "root"
            ],
            "outputs": {},
            "resources": {
                "aws_vpc.vpc1": {
                    "type": "aws_vpc",
                    "depends_on": [],
                    "primary": {
                        "id": "vpc-4814ec20",
                        "attributes": {
                            "assign_generated_ipv6_cidr_block": "false",
                            "cidr_block": "11.0.0.0/16",
                            "default_network_acl_id": "acl-a738ebcf",
                            "default_route_table_id": "rtb-e79e3c8f",
                            "default_security_group_id": "sg-f8595f90",
                            "dhcp_options_id": "dopt-3df43c55",
                            "enable_dns_hostnames": "true",
                            "enable_dns_support": "true",
                            "id": "vpc-4814ec20",
                            "instance_tenancy": "default",
                            "main_route_table_id": "rtb-e79e3c8f",
                            "tags.%": "1",
                            "tags.Name": "VPC 1"
                        },
                        "meta": {
                            "schema_version": "1"
                        },
                        "tainted": false
                    },
                    "deposed": [],
                    "provider": "provider.aws"
                },
                "aws_vpc.vpc2": {
                    "type": "aws_vpc",
                    "depends_on": [],
                    "primary": {
                        "id": "vpc-47e7113e",
                        "attributes": {
                            "assign_generated_ipv6_cidr_block": "false",
                            "cidr_block": "12.0.0.0/16",
                            "default_network_acl_id": "acl-85accbfc",
                            "default_route_table_id": "rtb-780d3701",
                            "default_security_group_id": "sg-7b128007",
                            "dhcp_options_id": "dopt-e4272582",
                            "enable_classiclink": "false",
                            "enable_classiclink_dns_support": "false",
                            "enable_dns_hostnames": "true",
                            "enable_dns_support": "true",
                            "id": "vpc-47e7113e",
                            "instance_tenancy": "default",
                            "main_route_table_id": "rtb-780d3701",
                            "tags.%": "1",
                            "tags.Name": "VPC 2"
                        },
                        "meta": {
                            "schema_version": "1"
                        },
                        "tainted": false
                    },
                    "deposed": [],
                    "provider": "provider.aws.west2"
                }
            },
            "depends_on": []
        }
    ]
}
