{
    "version": 3,
    "terraform_version": "0.11.7",
    "serial": 8,
    "lineage": "4d0066b2-6a75-38cc-eb77-41ff95a35e29",
    "modules": [
        {
            "path": [
                "root"
            ],
            "outputs": {},
            "resources": {
                "aws_eip.forNat": {
                    "type": "aws_eip",
                    "depends_on": [],
                    "primary": {
                        "id": "eipalloc-eca241cd",
                        "attributes": {
                            "association_id": "eipassoc-1e02dce2",
                            "domain": "vpc",
                            "id": "eipalloc-eca241cd",
                            "instance": "",
                            "network_interface": "eni-2de9667c",
                            "private_ip": "11.0.0.198",
                            "public_ip": "52.14.188.108",
                            "tags.%": "0",
                            "vpc": "true"
                        },
                        "meta": {
                            "e2bfb730-ecaa-11e6-8f88-34363bc7c4c0": {
                                "delete": 180000000000,
                                "read": 900000000000,
                                "update": 300000000000
                            }
                        },
                        "tainted": false
                    },
                    "deposed": [],
                    "provider": "provider.aws"
                },
                "aws_instance.backend": {
                    "type": "aws_instance",
                    "depends_on": [
                        "aws_security_group.backend",
                        "aws_subnet.PrivateAZA"
                    ],
                    "primary": {
                        "id": "i-07ede2330d677cb11",
                        "attributes": {
                            "ami": "ami-965e6bf3",
                            "associate_public_ip_address": "false",
                            "availability_zone": "us-east-2b",
                            "credit_specification.#": "1",
                            "credit_specification.0.cpu_credits": "standard",
                            "disable_api_termination": "false",
                            "ebs_block_device.#": "0",
                            "ebs_optimized": "false",
                            "ephemeral_block_device.#": "0",
                            "get_password_data": "false",
                            "iam_instance_profile": "",
                            "id": "i-07ede2330d677cb11",
                            "instance_state": "running",
                            "instance_type": "t2.micro",
                            "ipv6_addresses.#": "0",
                            "key_name": "deployer-east2",
                            "monitoring": "false",
                            "network_interface.#": "0",
                            "network_interface_id": "eni-fed4e2aa",
                            "password_data": "",
                            "placement_group": "",
                            "primary_network_interface_id": "eni-fed4e2aa",
                            "private_dns": "ip-11-0-3-177.us-east-2.compute.internal",
                            "private_ip": "11.0.3.177",
                            "public_dns": "",
                            "public_ip": "",
                            "root_block_device.#": "1",
                            "root_block_device.0.delete_on_termination": "true",
                            "root_block_device.0.iops": "100",
                            "root_block_device.0.volume_id": "vol-0095a788eb0b87558",
                            "root_block_device.0.volume_size": "8",
                            "root_block_device.0.volume_type": "gp2",
                            "security_groups.#": "0",
                            "source_dest_check": "true",
                            "subnet_id": "subnet-9066beea",
                            "tags.%": "1",
                            "tags.Name": "backend",
                            "tenancy": "default",
                            "volume_tags.%": "0",
                            "vpc_security_group_ids.#": "1",
                            "vpc_security_group_ids.1121622749": "sg-1545577e"
                        },
                        "meta": {
                            "e2bfb730-ecaa-11e6-8f88-34363bc7c4c0": {
                                "create": 600000000000,
                                "delete": 1200000000000,
                                "update": 600000000000
                            },
                            "schema_version": "1"
                        },
                        "tainted": false
                    },
                    "deposed": [],
                    "provider": "provider.aws"
                },
                "aws_instance.frontend": {
                    "type": "aws_instance",
                    "depends_on": [
                        "aws_security_group.frontend",
                        "aws_subnet.PublicAZA"
                    ],
                    "primary": {
                        "id": "i-0ca0a712e5a91c0b1",
                        "attributes": {
                            "ami": "ami-965e6bf3",
                            "associate_public_ip_address": "true",
                            "availability_zone": "us-east-2a",
                            "credit_specification.#": "1",
                            "credit_specification.0.cpu_credits": "standard",
                            "disable_api_termination": "false",
                            "ebs_block_device.#": "0",
                            "ebs_optimized": "false",
                            "ephemeral_block_device.#": "0",
                            "get_password_data": "false",
                            "iam_instance_profile": "",
                            "id": "i-0ca0a712e5a91c0b1",
                            "instance_state": "running",
                            "instance_type": "t2.micro",
                            "ipv6_addresses.#": "0",
                            "key_name": "deployer-east2",
                            "monitoring": "false",
                            "network_interface.#": "0",
                            "network_interface_id": "eni-bd901fec",
                            "password_data": "",
                            "placement_group": "",
                            "primary_network_interface_id": "eni-bd901fec",
                            "private_dns": "ip-11-0-0-132.us-east-2.compute.internal",
                            "private_ip": "11.0.0.132",
                            "public_dns": "ec2-18-219-188-240.us-east-2.compute.amazonaws.com",
                            "public_ip": "18.219.188.240",
                            "root_block_device.#": "1",
                            "root_block_device.0.delete_on_termination": "true",
                            "root_block_device.0.iops": "100",
                            "root_block_device.0.volume_id": "vol-06c2708333a73bb26",
                            "root_block_device.0.volume_size": "8",
                            "root_block_device.0.volume_type": "gp2",
                            "security_groups.#": "0",
                            "source_dest_check": "true",
                            "subnet_id": "subnet-14ed8e7c",
                            "tags.%": "1",
                            "tags.Name": "frontend",
                            "tenancy": "default",
                            "volume_tags.%": "0",
                            "vpc_security_group_ids.#": "1",
                            "vpc_security_group_ids.1024418296": "sg-cb4755a0"
                        },
                        "meta": {
                            "e2bfb730-ecaa-11e6-8f88-34363bc7c4c0": {
                                "create": 600000000000,
                                "delete": 1200000000000,
                                "update": 600000000000
                            },
                            "schema_version": "1"
                        },
                        "tainted": true
                    },
                    "deposed": [],
                    "provider": "provider.aws"
                },
                "aws_internet_gateway.gw": {
                    "type": "aws_internet_gateway",
                    "depends_on": [
                        "aws_vpc.vpc1"
                    ],
                    "primary": {
                        "id": "igw-6eb24506",
                        "attributes": {
                            "id": "igw-6eb24506",
                            "tags.%": "1",
                            "tags.Name": "internet gw terraform generated",
                            "vpc_id": "vpc-ce3b4fa6"
                        },
                        "meta": {},
                        "tainted": false
                    },
                    "deposed": [],
                    "provider": "provider.aws"
                },
                "aws_nat_gateway.PublicAZA": {
                    "type": "aws_nat_gateway",
                    "depends_on": [
                        "aws_eip.forNat",
                        "aws_internet_gateway.gw",
                        "aws_subnet.PublicAZA"
                    ],
                    "primary": {
                        "id": "nat-0074e24cb64881376",
                        "attributes": {
                            "allocation_id": "eipalloc-eca241cd",
                            "id": "nat-0074e24cb64881376",
                            "network_interface_id": "eni-2de9667c",
                            "private_ip": "11.0.0.198",
                            "public_ip": "52.14.188.108",
                            "subnet_id": "subnet-14ed8e7c",
                            "tags.%": "1",
                            "tags.Name": "vpc1 NAT"
                        },
                        "meta": {},
                        "tainted": false
                    },
                    "deposed": [],
                    "provider": "provider.aws"
                },
                "aws_route.primary-internet_access1": {
                    "type": "aws_route",
                    "depends_on": [
                        "aws_internet_gateway.gw",
                        "aws_vpc.vpc1"
                    ],
                    "primary": {
                        "id": "r-rtb-091c37611080289494",
                        "attributes": {
                            "destination_cidr_block": "0.0.0.0/0",
                            "destination_prefix_list_id": "",
                            "egress_only_gateway_id": "",
                            "gateway_id": "igw-6eb24506",
                            "id": "r-rtb-091c37611080289494",
                            "instance_id": "",
                            "instance_owner_id": "",
                            "nat_gateway_id": "",
                            "network_interface_id": "",
                            "origin": "CreateRoute",
                            "route_table_id": "rtb-091c3761",
                            "state": "active",
                            "vpc_peering_connection_id": ""
                        },
                        "meta": {
                            "e2bfb730-ecaa-11e6-8f88-34363bc7c4c0": {
                                "create": 120000000000,
                                "delete": 300000000000
                            }
                        },
                        "tainted": false
                    },
                    "deposed": [],
                    "provider": "provider.aws"
                },
                "aws_route53_record.backend": {
                    "type": "aws_route53_record",
                    "depends_on": [
                        "aws_instance.backend",
                        "aws_route53_zone.main"
                    ],
                    "primary": {
                        "id": "Z34PQJGC2O9Y8Z_backend.guba-terraform.test_A",
                        "attributes": {
                            "allow_overwrite": "true",
                            "fqdn": "backend.guba-terraform.test",
                            "health_check_id": "",
                            "id": "Z34PQJGC2O9Y8Z_backend.guba-terraform.test_A",
                            "name": "backend.guba-terraform.test",
                            "records.#": "1",
                            "records.2411164758": "11.0.3.177",
                            "set_identifier": "",
                            "ttl": "300",
                            "type": "A",
                            "zone_id": "Z34PQJGC2O9Y8Z"
                        },
                        "meta": {
                            "schema_version": "2"
                        },
                        "tainted": false
                    },
                    "deposed": [],
                    "provider": "provider.aws"
                },
                "aws_route53_zone.main": {
                    "type": "aws_route53_zone",
                    "depends_on": [
                        "aws_vpc.vpc1"
                    ],
                    "primary": {
                        "id": "Z34PQJGC2O9Y8Z",
                        "attributes": {
                            "comment": "Managed by terraform",
                            "force_destroy": "false",
                            "id": "Z34PQJGC2O9Y8Z",
                            "name": "guba-terraform.test",
                            "name_servers.#": "4",
                            "name_servers.0": "ns-0.awsdns-00.com.",
                            "name_servers.1": "ns-1024.awsdns-00.org.",
                            "name_servers.2": "ns-1536.awsdns-00.co.uk.",
                            "name_servers.3": "ns-512.awsdns-00.net.",
                            "tags.%": "0",
                            "vpc_id": "vpc-ce3b4fa6",
                            "vpc_region": "us-east-2",
                            "zone_id": "Z34PQJGC2O9Y8Z"
                        },
                        "meta": {},
                        "tainted": false
                    },
                    "deposed": [],
                    "provider": "provider.aws"
                },
                "aws_route_table.private1": {
                    "type": "aws_route_table",
                    "depends_on": [
                        "aws_nat_gateway.PublicAZA",
                        "aws_vpc.vpc1"
                    ],
                    "primary": {
                        "id": "rtb-4b123923",
                        "attributes": {
                            "id": "rtb-4b123923",
                            "propagating_vgws.#": "0",
                            "route.#": "1",
                            "route.2855418296.cidr_block": "0.0.0.0/0",
                            "route.2855418296.egress_only_gateway_id": "",
                            "route.2855418296.gateway_id": "",
                            "route.2855418296.instance_id": "",
                            "route.2855418296.ipv6_cidr_block": "",
                            "route.2855418296.nat_gateway_id": "nat-0074e24cb64881376",
                            "route.2855418296.network_interface_id": "",
                            "route.2855418296.vpc_peering_connection_id": "",
                            "tags.%": "1",
                            "tags.Name": "Private",
                            "vpc_id": "vpc-ce3b4fa6"
                        },
                        "meta": {},
                        "tainted": false
                    },
                    "deposed": [],
                    "provider": "provider.aws"
                },
                "aws_route_table.public1": {
                    "type": "aws_route_table",
                    "depends_on": [
                        "aws_internet_gateway.gw",
                        "aws_vpc.vpc1"
                    ],
                    "primary": {
                        "id": "rtb-651e350d",
                        "attributes": {
                            "id": "rtb-651e350d",
                            "propagating_vgws.#": "0",
                            "route.#": "1",
                            "route.628499973.cidr_block": "0.0.0.0/0",
                            "route.628499973.egress_only_gateway_id": "",
                            "route.628499973.gateway_id": "igw-6eb24506",
                            "route.628499973.instance_id": "",
                            "route.628499973.ipv6_cidr_block": "",
                            "route.628499973.nat_gateway_id": "",
                            "route.628499973.network_interface_id": "",
                            "route.628499973.vpc_peering_connection_id": "",
                            "tags.%": "1",
                            "tags.Name": "Public",
                            "vpc_id": "vpc-ce3b4fa6"
                        },
                        "meta": {},
                        "tainted": false
                    },
                    "deposed": [],
                    "provider": "provider.aws"
                },
                "aws_route_table_association.PrivateAZA": {
                    "type": "aws_route_table_association",
                    "depends_on": [
                        "aws_route_table.private1",
                        "aws_subnet.PrivateAZA"
                    ],
                    "primary": {
                        "id": "rtbassoc-4a3ab821",
                        "attributes": {
                            "id": "rtbassoc-4a3ab821",
                            "route_table_id": "rtb-4b123923",
                            "subnet_id": "subnet-9066beea"
                        },
                        "meta": {},
                        "tainted": false
                    },
                    "deposed": [],
                    "provider": "provider.aws"
                },
                "aws_route_table_association.PublicAZA": {
                    "type": "aws_route_table_association",
                    "depends_on": [
                        "aws_route_table.public1",
                        "aws_subnet.PublicAZA"
                    ],
                    "primary": {
                        "id": "rtbassoc-9431b3ff",
                        "attributes": {
                            "id": "rtbassoc-9431b3ff",
                            "route_table_id": "rtb-651e350d",
                            "subnet_id": "subnet-14ed8e7c"
                        },
                        "meta": {},
                        "tainted": false
                    },
                    "deposed": [],
                    "provider": "provider.aws"
                },
                "aws_security_group.backend": {
                    "type": "aws_security_group",
                    "depends_on": [
                        "aws_vpc.vpc1"
                    ],
                    "primary": {
                        "id": "sg-1545577e",
                        "attributes": {
                            "arn": "arn:aws:ec2:us-east-2:511314545235:security-group/sg-1545577e",
                            "description": "ONLY tcp CONNECTION INBOUND",
                            "egress.#": "1",
                            "egress.482069346.cidr_blocks.#": "1",
                            "egress.482069346.cidr_blocks.0": "0.0.0.0/0",
                            "egress.482069346.description": "",
                            "egress.482069346.from_port": "0",
                            "egress.482069346.ipv6_cidr_blocks.#": "0",
                            "egress.482069346.prefix_list_ids.#": "0",
                            "egress.482069346.protocol": "-1",
                            "egress.482069346.security_groups.#": "0",
                            "egress.482069346.self": "false",
                            "egress.482069346.to_port": "0",
                            "id": "sg-1545577e",
                            "ingress.#": "3",
                            "ingress.1163740523.cidr_blocks.#": "1",
                            "ingress.1163740523.cidr_blocks.0": "0.0.0.0/0",
                            "ingress.1163740523.description": "",
                            "ingress.1163740523.from_port": "3306",
                            "ingress.1163740523.ipv6_cidr_blocks.#": "0",
                            "ingress.1163740523.protocol": "TCP",
                            "ingress.1163740523.security_groups.#": "0",
                            "ingress.1163740523.self": "false",
                            "ingress.1163740523.to_port": "3306",
                            "ingress.2541437006.cidr_blocks.#": "1",
                            "ingress.2541437006.cidr_blocks.0": "0.0.0.0/0",
                            "ingress.2541437006.description": "",
                            "ingress.2541437006.from_port": "22",
                            "ingress.2541437006.ipv6_cidr_blocks.#": "0",
                            "ingress.2541437006.protocol": "TCP",
                            "ingress.2541437006.security_groups.#": "0",
                            "ingress.2541437006.self": "false",
                            "ingress.2541437006.to_port": "22",
                            "ingress.3068409405.cidr_blocks.#": "1",
                            "ingress.3068409405.cidr_blocks.0": "0.0.0.0/0",
                            "ingress.3068409405.description": "",
                            "ingress.3068409405.from_port": "8",
                            "ingress.3068409405.ipv6_cidr_blocks.#": "0",
                            "ingress.3068409405.protocol": "icmp",
                            "ingress.3068409405.security_groups.#": "0",
                            "ingress.3068409405.self": "false",
                            "ingress.3068409405.to_port": "0",
                            "name": "backend",
                            "owner_id": "511314545235",
                            "revoke_rules_on_delete": "false",
                            "tags.%": "1",
                            "tags.Name": "backend",
                            "vpc_id": "vpc-ce3b4fa6"
                        },
                        "meta": {
                            "e2bfb730-ecaa-11e6-8f88-34363bc7c4c0": {
                                "create": 600000000000,
                                "delete": 600000000000
                            },
                            "schema_version": "1"
                        },
                        "tainted": false
                    },
                    "deposed": [],
                    "provider": "provider.aws"
                },
                "aws_security_group.frontend": {
                    "type": "aws_security_group",
                    "depends_on": [
                        "aws_vpc.vpc1"
                    ],
                    "primary": {
                        "id": "sg-cb4755a0",
                        "attributes": {
                            "arn": "arn:aws:ec2:us-east-2:511314545235:security-group/sg-cb4755a0",
                            "description": "ONLY HTTP CONNECTION INBOUND",
                            "egress.#": "1",
                            "egress.482069346.cidr_blocks.#": "1",
                            "egress.482069346.cidr_blocks.0": "0.0.0.0/0",
                            "egress.482069346.description": "",
                            "egress.482069346.from_port": "0",
                            "egress.482069346.ipv6_cidr_blocks.#": "0",
                            "egress.482069346.prefix_list_ids.#": "0",
                            "egress.482069346.protocol": "-1",
                            "egress.482069346.security_groups.#": "0",
                            "egress.482069346.self": "false",
                            "egress.482069346.to_port": "0",
                            "id": "sg-cb4755a0",
                            "ingress.#": "3",
                            "ingress.2214680975.cidr_blocks.#": "1",
                            "ingress.2214680975.cidr_blocks.0": "0.0.0.0/0",
                            "ingress.2214680975.description": "",
                            "ingress.2214680975.from_port": "80",
                            "ingress.2214680975.ipv6_cidr_blocks.#": "0",
                            "ingress.2214680975.protocol": "TCP",
                            "ingress.2214680975.security_groups.#": "0",
                            "ingress.2214680975.self": "false",
                            "ingress.2214680975.to_port": "80",
                            "ingress.2541437006.cidr_blocks.#": "1",
                            "ingress.2541437006.cidr_blocks.0": "0.0.0.0/0",
                            "ingress.2541437006.description": "",
                            "ingress.2541437006.from_port": "22",
                            "ingress.2541437006.ipv6_cidr_blocks.#": "0",
                            "ingress.2541437006.protocol": "TCP",
                            "ingress.2541437006.security_groups.#": "0",
                            "ingress.2541437006.self": "false",
                            "ingress.2541437006.to_port": "22",
                            "ingress.3068409405.cidr_blocks.#": "1",
                            "ingress.3068409405.cidr_blocks.0": "0.0.0.0/0",
                            "ingress.3068409405.description": "",
                            "ingress.3068409405.from_port": "8",
                            "ingress.3068409405.ipv6_cidr_blocks.#": "0",
                            "ingress.3068409405.protocol": "icmp",
                            "ingress.3068409405.security_groups.#": "0",
                            "ingress.3068409405.self": "false",
                            "ingress.3068409405.to_port": "0",
                            "name": "frontend",
                            "owner_id": "511314545235",
                            "revoke_rules_on_delete": "false",
                            "tags.%": "1",
                            "tags.Name": "frontend",
                            "vpc_id": "vpc-ce3b4fa6"
                        },
                        "meta": {
                            "e2bfb730-ecaa-11e6-8f88-34363bc7c4c0": {
                                "create": 600000000000,
                                "delete": 600000000000
                            },
                            "schema_version": "1"
                        },
                        "tainted": false
                    },
                    "deposed": [],
                    "provider": "provider.aws"
                },
                "aws_subnet.PrivateAZA": {
                    "type": "aws_subnet",
                    "depends_on": [
                        "aws_vpc.vpc1",
                        "data.aws_availability_zones.available"
                    ],
                    "primary": {
                        "id": "subnet-9066beea",
                        "attributes": {
                            "assign_ipv6_address_on_creation": "false",
                            "availability_zone": "us-east-2b",
                            "cidr_block": "11.0.3.0/24",
                            "id": "subnet-9066beea",
                            "map_public_ip_on_launch": "false",
                            "tags.%": "1",
                            "tags.Name": "PublicAZB",
                            "vpc_id": "vpc-ce3b4fa6"
                        },
                        "meta": {
                            "schema_version": "1"
                        },
                        "tainted": false
                    },
                    "deposed": [],
                    "provider": "provider.aws"
                },
                "aws_subnet.PublicAZA": {
                    "type": "aws_subnet",
                    "depends_on": [
                        "aws_vpc.vpc1",
                        "data.aws_availability_zones.available"
                    ],
                    "primary": {
                        "id": "subnet-14ed8e7c",
                        "attributes": {
                            "assign_ipv6_address_on_creation": "false",
                            "availability_zone": "us-east-2a",
                            "cidr_block": "11.0.0.0/24",
                            "id": "subnet-14ed8e7c",
                            "map_public_ip_on_launch": "false",
                            "tags.%": "1",
                            "tags.Name": "PublicAZA",
                            "vpc_id": "vpc-ce3b4fa6"
                        },
                        "meta": {
                            "schema_version": "1"
                        },
                        "tainted": false
                    },
                    "deposed": [],
                    "provider": "provider.aws"
                },
                "aws_vpc.vpc1": {
                    "type": "aws_vpc",
                    "depends_on": [],
                    "primary": {
                        "id": "vpc-ce3b4fa6",
                        "attributes": {
                            "assign_generated_ipv6_cidr_block": "false",
                            "cidr_block": "11.0.0.0/16",
                            "default_network_acl_id": "acl-38ecb850",
                            "default_route_table_id": "rtb-091c3761",
                            "default_security_group_id": "sg-c44052af",
                            "dhcp_options_id": "dopt-7885c710",
                            "enable_dns_hostnames": "true",
                            "enable_dns_support": "true",
                            "id": "vpc-ce3b4fa6",
                            "instance_tenancy": "default",
                            "main_route_table_id": "rtb-091c3761",
                            "tags.%": "1",
                            "tags.Name": "VPC 1"
                        },
                        "meta": {
                            "schema_version": "1"
                        },
                        "tainted": false
                    },
                    "deposed": [],
                    "provider": "provider.aws"
                },
                "aws_vpc_dhcp_options.mydhcp": {
                    "type": "aws_vpc_dhcp_options",
                    "depends_on": [],
                    "primary": {
                        "id": "dopt-7885c710",
                        "attributes": {
                            "domain_name": "guba-terraform.test",
                            "domain_name_servers.#": "1",
                            "domain_name_servers.0": "AmazonProvidedDNS",
                            "id": "dopt-7885c710",
                            "tags.%": "1",
                            "tags.Name": "My internal name"
                        },
                        "meta": {},
                        "tainted": false
                    },
                    "deposed": [],
                    "provider": "provider.aws"
                },
                "aws_vpc_dhcp_options_association.dns_resolver": {
                    "type": "aws_vpc_dhcp_options_association",
                    "depends_on": [
                        "aws_vpc.vpc1",
                        "aws_vpc_dhcp_options.mydhcp"
                    ],
                    "primary": {
                        "id": "dopt-7885c710-vpc-ce3b4fa6",
                        "attributes": {
                            "dhcp_options_id": "dopt-7885c710",
                            "id": "dopt-7885c710-vpc-ce3b4fa6",
                            "vpc_id": "vpc-ce3b4fa6"
                        },
                        "meta": {},
                        "tainted": false
                    },
                    "deposed": [],
                    "provider": "provider.aws"
                },
                "data.aws_availability_zones.available": {
                    "type": "aws_availability_zones",
                    "depends_on": [],
                    "primary": {
                        "id": "2018-04-28 22:44:06.266515411 +0000 UTC",
                        "attributes": {
                            "id": "2018-04-28 22:44:06.266515411 +0000 UTC",
                            "names.#": "3",
                            "names.0": "us-east-2a",
                            "names.1": "us-east-2b",
                            "names.2": "us-east-2c"
                        },
                        "meta": {},
                        "tainted": false
                    },
                    "deposed": [],
                    "provider": "provider.aws"
                }
            },
            "depends_on": []
        }
    ]
}
